// !$*UTF8*$!
{
	archiveVersion = 1;
	classes = {
	};
	objectVersion = 46;
	objects = {

/* Begin PBXBuildFile section */
		87482C66157F358800494A6B /* UIKit.framework in Frameworks */ = {isa = PBXBuildFile; fileRef = 87482C65157F358800494A6B /* UIKit.framework */; };
		87482C68157F358800494A6B /* Foundation.framework in Frameworks */ = {isa = PBXBuildFile; fileRef = 87482C67157F358800494A6B /* Foundation.framework */; };
		87482C6A157F358800494A6B /* CoreGraphics.framework in Frameworks */ = {isa = PBXBuildFile; fileRef = 87482C69157F358800494A6B /* CoreGraphics.framework */; };
		87482C70157F358800494A6B /* InfoPlist.strings in Resources */ = {isa = PBXBuildFile; fileRef = 87482C6E157F358800494A6B /* InfoPlist.strings */; };
		87482C72157F358800494A6B /* main.m in Sources */ = {isa = PBXBuildFile; fileRef = 87482C71157F358800494A6B /* main.m */; };
		87482C76157F358800494A6B /* AppDelegate.m in Sources */ = {isa = PBXBuildFile; fileRef = 87482C75157F358800494A6B /* AppDelegate.m */; };
		87482C79157F358800494A6B /* ViewController.m in Sources */ = {isa = PBXBuildFile; fileRef = 87482C78157F358800494A6B /* ViewController.m */; };
		87482C7C157F358800494A6B /* ViewController.xib in Resources */ = {isa = PBXBuildFile; fileRef = 87482C7A157F358800494A6B /* ViewController.xib */; };
/* End PBXBuildFile section */

/* Begin PBXFileReference section */
		87482C61157F358800494A6B /* iOS-Common.app */ = {isa = PBXFileReference; explicitFileType = wrapper.application; includeInIndex = 0; path = "iOS-Common.app"; sourceTree = BUILT_PRODUCTS_DIR; };
		87482C65157F358800494A6B /* UIKit.framework */ = {isa = PBXFileReference; lastKnownFileType = wrapper.framework; name = UIKit.framework; path = System/Library/Frameworks/UIKit.framework; sourceTree = SDKROOT; };
		87482C67157F358800494A6B /* Foundation.framework */ = {isa = PBXFileReference; lastKnownFileType = wrapper.framework; name = Foundation.framework; path = System/Library/Frameworks/Foundation.framework; sourceTree = SDKROOT; };
		87482C69157F358800494A6B /* CoreGraphics.framework */ = {isa = PBXFileReference; lastKnownFileType = wrapper.framework; name = CoreGraphics.framework; path = System/Library/Frameworks/CoreGraphics.framework; sourceTree = SDKROOT; };
		87482C6D157F358800494A6B /* iOS-Common-Info.plist */ = {isa = PBXFileReference; lastKnownFileType = text.plist.xml; path = "iOS-Common-Info.plist"; sourceTree = "<group>"; };
		87482C6F157F358800494A6B /* en */ = {isa = PBXFileReference; lastKnownFileType = text.plist.strings; name = en; path = en.lproj/InfoPlist.strings; sourceTree = "<group>"; };
		87482C71157F358800494A6B /* main.m */ = {isa = PBXFileReference; lastKnownFileType = sourcecode.c.objc; path = main.m; sourceTree = "<group>"; };
		87482C73157F358800494A6B /* iOS-Common-Prefix.pch */ = {isa = PBXFileReference; lastKnownFileType = sourcecode.c.h; path = "iOS-Common-Prefix.pch"; sourceTree = "<group>"; };
		87482C74157F358800494A6B /* AppDelegate.h */ = {isa = PBXFileReference; lastKnownFileType = sourcecode.c.h; path = AppDelegate.h; sourceTree = "<group>"; };
		87482C75157F358800494A6B /* AppDelegate.m */ = {isa = PBXFileReference; lastKnownFileType = sourcecode.c.objc; path = AppDelegate.m; sourceTree = "<group>"; };
		87482C77157F358800494A6B /* ViewController.h */ = {isa = PBXFileReference; lastKnownFileType = sourcecode.c.h; path = ViewController.h; sourceTree = "<group>"; };
		87482C78157F358800494A6B /* ViewController.m */ = {isa = PBXFileReference; lastKnownFileType = sourcecode.c.objc; path = ViewController.m; sourceTree = "<group>"; };
		87482C7B157F358800494A6B /* en */ = {isa = PBXFileReference; lastKnownFileType = file.xib; name = en; path = en.lproj/ViewController.xib; sourceTree = "<group>"; };
/* End PBXFileReference section */

/* Begin PBXFrameworksBuildPhase section */
		87482C5E157F358800494A6B /* Frameworks */ = {
			isa = PBXFrameworksBuildPhase;
			buildActionMask = 2147483647;
			files = (
				87482C66157F358800494A6B /* UIKit.framework in Frameworks */,
				87482C68157F358800494A6B /* Foundation.framework in Frameworks */,
				87482C6A157F358800494A6B /* CoreGraphics.framework in Frameworks */,
			);
			runOnlyForDeploymentPostprocessing = 0;
		};
/* End PBXFrameworksBuildPhase section */

/* Begin PBXGroup section */
		87482C56157F358800494A6B = {
			isa = PBXGroup;
			children = (
				87482C6B157F358800494A6B /* iOS-Common */,
				87482C64157F358800494A6B /* Frameworks */,
				87482C62157F358800494A6B /* Products */,
			);
			sourceTree = "<group>";
		};
		87482C62157F358800494A6B /* Products */ = {
			isa = PBXGroup;
			children = (
				87482C61157F358800494A6B /* iOS-Common.app */,
			);
			name = Products;
			sourceTree = "<group>";
		};
		87482C64157F358800494A6B /* Frameworks */ = {
			isa = PBXGroup;
			children = (
				87482C65157F358800494A6B /* UIKit.framework */,
				87482C67157F358800494A6B /* Foundation.framework */,
				87482C69157F358800494A6B /* CoreGraphics.framework */,
			);
			name = Frameworks;
			sourceTree = "<group>";
		};
		87482C6B157F358800494A6B /* iOS-Common */ = {
			isa = PBXGroup;
			children = (
				87482C74157F358800494A6B /* AppDelegate.h */,
				87482C75157F358800494A6B /* AppDelegate.m */,
				87482C77157F358800494A6B /* ViewController.h */,
				87482C78157F358800494A6B /* ViewController.m */,
				87482C7A157F358800494A6B /* ViewController.xib */,
				87482C6C157F358800494A6B /* Supporting Files */,
			);
			path = "iOS-Common";
			sourceTree = "<group>";
		};
		87482C6C157F358800494A6B /* Supporting Files */ = {
			isa = PBXGroup;
			children = (
				87482C6D157F358800494A6B /* iOS-Common-Info.plist */,
				87482C6E157F358800494A6B /* InfoPlist.strings */,
				87482C71157F358800494A6B /* main.m */,
				87482C73157F358800494A6B /* iOS-Common-Prefix.pch */,
			);
			name = "Supporting Files";
			sourceTree = "<group>";
		};
/* End PBXGroup section */

/* Begin PBXNativeTarget section */
		87482C60157F358800494A6B /* iOS-Common */ = {
			isa = PBXNativeTarget;
			buildConfigurationList = 87482C7F157F358800494A6B /* Build configuration list for PBXNativeTarget "iOS-Common" */;
			buildPhases = (
				87482C5D157F358800494A6B /* Sources */,
				87482C5E157F358800494A6B /* Frameworks */,
				87482C5F157F358800494A6B /* Resources */,
			);
			buildRules = (
			);
			dependencies = (
			);
			name = "iOS-Common";
			productName = "iOS-Common";
			productReference = 87482C61157F358800494A6B /* iOS-Common.app */;
			productType = "com.apple.product-type.application";
		};
/* End PBXNativeTarget section */

/* Begin PBXProject section */
		87482C58157F358800494A6B /* Project object */ = {
			isa = PBXProject;
			attributes = {
				LastUpgradeCheck = 0430;
				ORGANIZATIONNAME = "Swingfire LLC";
			};
			buildConfigurationList = 87482C5B157F358800494A6B /* Build configuration list for PBXProject "iOS-Common" */;
			compatibilityVersion = "Xcode 3.2";
			developmentRegion = English;
			hasScannedForEncodings = 0;
			knownRegions = (
				en,
			);
			mainGroup = 87482C56157F358800494A6B;
			productRefGroup = 87482C62157F358800494A6B /* Products */;
			projectDirPath = "";
			projectRoot = "";
			targets = (
				87482C60157F358800494A6B /* iOS-Common */,
			);
		};
/* End PBXProject section */

/* Begin PBXResourcesBuildPhase section */
		87482C5F157F358800494A6B /* Resources */ = {
			isa = PBXResourcesBuildPhase;
			buildActionMask = 2147483647;
			files = (
				87482C70157F358800494A6B /* InfoPlist.strings in Resources */,
				87482C7C157F358800494A6B /* ViewController.xib in Resources */,
			);
			runOnlyForDeploymentPostprocessing = 0;
		};
/* End PBXResourcesBuildPhase section */

/* Begin PBXSourcesBuildPhase section */
		87482C5D157F358800494A6B /* Sources */ = {
			isa = PBXSourcesBuildPhase;
			buildActionMask = 2147483647;
			files = (
				87482C72157F358800494A6B /* main.m in Sources */,
				87482C76157F358800494A6B /* AppDelegate.m in Sources */,
				87482C79157F358800494A6B /* ViewController.m in Sources */,
			);
			runOnlyForDeploymentPostprocessing = 0;
		};
/* End PBXSourcesBuildPhase section */

/* Begin PBXVariantGroup section */
		87482C6E157F358800494A6B /* InfoPlist.strings */ = {
			isa = PBXVariantGroup;
			children = (
				87482C6F157F358800494A6B /* en */,
			);
			name = InfoPlist.strings;
			sourceTree = "<group>";
		};
		87482C7A157F358800494A6B /* ViewController.xib */ = {
			isa = PBXVariantGroup;
			children = (
				87482C7B157F358800494A6B /* en */,
			);
			name = ViewController.xib;
			sourceTree = "<group>";
		};
/* End PBXVariantGroup section */

/* Begin XCBuildConfiguration section */
		87482C7D157F358800494A6B /* Debug */ = {
			isa = XCBuildConfiguration;
			buildSettings = {
				ALWAYS_SEARCH_USER_PATHS = NO;
				ARCHS = "$(ARCHS_STANDARD_32_BIT)";
				CLANG_ENABLE_OBJC_ARC = YES;
				"CODE_SIGN_IDENTITY[sdk=iphoneos*]" = "iPhone Developer";
				COPY_PHASE_STRIP = NO;
				GCC_C_LANGUAGE_STANDARD = gnu99;
				GCC_DYNAMIC_NO_PIC = NO;
				GCC_OPTIMIZATION_LEVEL = 0;
				GCC_PREPROCESSOR_DEFINITIONS = (
					"DEBUG=1",
					"$(inherited)",
				);
				GCC_SYMBOLS_PRIVATE_EXTERN = NO;
				GCC_VERSION = com.apple.compilers.llvm.clang.1_0;
				GCC_WARN_ABOUT_RETURN_TYPE = YES;
				GCC_WARN_UNINITIALIZED_AUTOS = YES;
				GCC_WARN_UNUSED_VARIABLE = YES;
				IPHONEOS_DEPLOYMENT_TARGET = 5.1;
				SDKROOT = iphoneos;
			};
			name = Debug;
		};
		87482C7E157F358800494A6B /* Release */ = {
			isa = XCBuildConfiguration;
			buildSettings = {
				ALWAYS_SEARCH_USER_PATHS = NO;
				ARCHS = "$(ARCHS_STANDARD_32_BIT)";
				CLANG_ENABLE_OBJC_ARC = YES;
				"CODE_SIGN_IDENTITY[sdk=iphoneos*]" = "iPhone Developer";
				COPY_PHASE_STRIP = YES;
				GCC_C_LANGUAGE_STANDARD = gnu99;
				GCC_VERSION = com.apple.compilers.llvm.clang.1_0;
				GCC_WARN_ABOUT_RETURN_TYPE = YES;
				GCC_WARN_UNINITIALIZED_AUTOS = YES;
				GCC_WARN_UNUSED_VARIABLE = YES;
				IPHONEOS_DEPLOYMENT_TARGET = 5.1;
				OTHER_CFLAGS = "-DNS_BLOCK_ASSERTIONS=1";
				SDKROOT = iphoneos;
				VALIDATE_PRODUCT = YES;
			};
			name = Release;
		};
		87482C80157F358800494A6B /* Debug */ = {
			isa = XCBuildConfiguration;
			buildSettings = {
				GCC_PRECOMPILE_PREFIX_HEADER = YES;
				GCC_PREFIX_HEADER = "iOS-Common/iOS-Common-Prefix.pch";
				INFOPLIST_FILE = "iOS-Common/iOS-Common-Info.plist";
				PRODUCT_NAME = "$(TARGET_NAME)";
				WRAPPER_EXTENSION = app;
			};
			name = Debug;
		};
		87482C81157F358800494A6B /* Release */ = {
			isa = XCBuildConfiguration;
			buildSettings = {
				GCC_PRECOMPILE_PREFIX_HEADER = YES;
				GCC_PREFIX_HEADER = "iOS-Common/iOS-Common-Prefix.pch";
				INFOPLIST_FILE = "iOS-Common/iOS-Common-Info.plist";
				PRODUCT_NAME = "$(TARGET_NAME)";
				WRAPPER_EXTENSION = app;
			};
			name = Release;
		};
/* End XCBuildConfiguration section */

/* Begin XCConfigurationList section */
		87482C5B157F358800494A6B /* Build configuration list for PBXProject "iOS-Common" */ = {
			isa = XCConfigurationList;
			buildConfigurations = (
				87482C7D157F358800494A6B /* Debug */,
				87482C7E157F358800494A6B /* Release */,
			);
			defaultConfigurationIsVisible = 0;
			defaultConfigurationName = Release;
		};
		87482C7F157F358800494A6B /* Build configuration list for PBXNativeTarget "iOS-Common" */ = {
			isa = XCConfigurationList;
			buildConfigurations = (
				87482C80157F358800494A6B /* Debug */,
				87482C81157F358800494A6B /* Release */,
			);
			defaultConfigurationIsVisible = 0;
		};
/* End XCConfigurationList section */
	};
	rootObject = 87482C58157F358800494A6B /* Project object */;
}
